// !$*UTF8*$!
{
	archiveVersion = 1;
	classes = {
	};
	objectVersion = 56;
	objects = {

/* Begin PBXBuildFile section */
		0534350F2AE7E3500023BB98 /* EmptyViewCollectionViewCell.swift in Sources */ = {isa = PBXBuildFile; fileRef = 0534350D2AE7E3500023BB98 /* EmptyViewCollectionViewCell.swift */; };
		053435102AE7E3500023BB98 /* EmptyViewCollectionViewCell.xib in Resources */ = {isa = PBXBuildFile; fileRef = 0534350E2AE7E3500023BB98 /* EmptyViewCollectionViewCell.xib */; };
		053435132AE7E7760023BB98 /* CategoryVO.swift in Sources */ = {isa = PBXBuildFile; fileRef = 053435122AE7E7760023BB98 /* CategoryVO.swift */; };
		053435162AE7E9600023BB98 /* MainTabBarController.swift in Sources */ = {isa = PBXBuildFile; fileRef = 053435152AE7E9600023BB98 /* MainTabBarController.swift */; };
		0534351C2AE7E9DD0023BB98 /* WalletViewController.swift in Sources */ = {isa = PBXBuildFile; fileRef = 0534351A2AE7E9DD0023BB98 /* WalletViewController.swift */; };
		0534351D2AE7E9DD0023BB98 /* WalletViewController.xib in Resources */ = {isa = PBXBuildFile; fileRef = 0534351B2AE7E9DD0023BB98 /* WalletViewController.xib */; };
		053435212AE7E9FA0023BB98 /* MoreViewController.swift in Sources */ = {isa = PBXBuildFile; fileRef = 0534351F2AE7E9FA0023BB98 /* MoreViewController.swift */; };
		053435222AE7E9FA0023BB98 /* MoreViewController.xib in Resources */ = {isa = PBXBuildFile; fileRef = 053435202AE7E9FA0023BB98 /* MoreViewController.xib */; };
		05CAB6C22AE7B9B60023875A /* UpComingCollectionViewCell.swift in Sources */ = {isa = PBXBuildFile; fileRef = 05CAB6C02AE7B9B60023875A /* UpComingCollectionViewCell.swift */; };
		05CAB6C32AE7B9B60023875A /* UpComingCollectionViewCell.xib in Resources */ = {isa = PBXBuildFile; fileRef = 05CAB6C12AE7B9B60023875A /* UpComingCollectionViewCell.xib */; };
		05CAB6C62AE7C15D0023875A /* CardView.swift in Sources */ = {isa = PBXBuildFile; fileRef = 05CAB6C52AE7C15D0023875A /* CardView.swift */; };
		05CAB6C92AE7C47B0023875A /* DetailViewController.swift in Sources */ = {isa = PBXBuildFile; fileRef = 05CAB6C72AE7C47B0023875A /* DetailViewController.swift */; };
		05CAB6CA2AE7C47B0023875A /* DetailViewController.xib in Resources */ = {isa = PBXBuildFile; fileRef = 05CAB6C82AE7C47B0023875A /* DetailViewController.xib */; };
		05CAB6CD2AE7CE910023875A /* DetailSliderCollectionViewCell.swift in Sources */ = {isa = PBXBuildFile; fileRef = 05CAB6CB2AE7CE910023875A /* DetailSliderCollectionViewCell.swift */; };
		05CAB6CE2AE7CE910023875A /* DetailSliderCollectionViewCell.xib in Resources */ = {isa = PBXBuildFile; fileRef = 05CAB6CC2AE7CE910023875A /* DetailSliderCollectionViewCell.xib */; };
		05CAB6D02AE7CFEC0023875A /* BaseView.swift in Sources */ = {isa = PBXBuildFile; fileRef = 05CAB6CF2AE7CFEC0023875A /* BaseView.swift */; };
		05CAB6D32AE7D01F0023875A /* CustomTitle.xib in Resources */ = {isa = PBXBuildFile; fileRef = 05CAB6D22AE7D01F0023875A /* CustomTitle.xib */; };
		05CAB6D52AE7D0940023875A /* CustomTitle.swift in Sources */ = {isa = PBXBuildFile; fileRef = 05CAB6D42AE7D0940023875A /* CustomTitle.swift */; };
		05E4892B2AE7AF5C0001A891 /* AppDelegate.swift in Sources */ = {isa = PBXBuildFile; fileRef = 05E4892A2AE7AF5C0001A891 /* AppDelegate.swift */; };
		05E4892D2AE7AF5C0001A891 /* SceneDelegate.swift in Sources */ = {isa = PBXBuildFile; fileRef = 05E4892C2AE7AF5C0001A891 /* SceneDelegate.swift */; };
		05E4892F2AE7AF5C0001A891 /* ViewController.swift in Sources */ = {isa = PBXBuildFile; fileRef = 05E4892E2AE7AF5C0001A891 /* ViewController.swift */; };
		05E489322AE7AF5C0001A891 /* Main.storyboard in Resources */ = {isa = PBXBuildFile; fileRef = 05E489302AE7AF5C0001A891 /* Main.storyboard */; };
		05E489342AE7AF5E0001A891 /* Assets.xcassets in Resources */ = {isa = PBXBuildFile; fileRef = 05E489332AE7AF5E0001A891 /* Assets.xcassets */; };
		05E489372AE7AF5E0001A891 /* LaunchScreen.storyboard in Resources */ = {isa = PBXBuildFile; fileRef = 05E489352AE7AF5E0001A891 /* LaunchScreen.storyboard */; };
		05E489482AE7B03E0001A891 /* HomeViewController.swift in Sources */ = {isa = PBXBuildFile; fileRef = 05E489462AE7B03E0001A891 /* HomeViewController.swift */; };
		05E489492AE7B03E0001A891 /* HomeViewController.xib in Resources */ = {isa = PBXBuildFile; fileRef = 05E489472AE7B03E0001A891 /* HomeViewController.xib */; };
		05E4894C2AE7B0700001A891 /* UICollectionView+Extension.swift in Sources */ = {isa = PBXBuildFile; fileRef = 05E4894B2AE7B0700001A891 /* UICollectionView+Extension.swift */; };
		05E4894E2AE7B0760001A891 /* UITableView+Extension.swift in Sources */ = {isa = PBXBuildFile; fileRef = 05E4894D2AE7B0760001A891 /* UITableView+Extension.swift */; };
		05E489542AE7B0A80001A891 /* HomeSliderCollectionViewCell.swift in Sources */ = {isa = PBXBuildFile; fileRef = 05E489522AE7B0A80001A891 /* HomeSliderCollectionViewCell.swift */; };
		05E489552AE7B0A80001A891 /* HomeSliderTableViewCell.swift in Sources */ = {isa = PBXBuildFile; fileRef = 05E489532AE7B0A80001A891 /* HomeSliderTableViewCell.swift */; };
		05E489582AE7B0B10001A891 /* HomeSliderTableViewCell.xib in Resources */ = {isa = PBXBuildFile; fileRef = 05E489562AE7B0B10001A891 /* HomeSliderTableViewCell.xib */; };
		05E489592AE7B0B10001A891 /* HomeSliderCollectionViewCell.xib in Resources */ = {isa = PBXBuildFile; fileRef = 05E489572AE7B0B10001A891 /* HomeSliderCollectionViewCell.xib */; };
		05E4895C2AE7B1A40001A891 /* SeaCategoryTableViewCell.swift in Sources */ = {isa = PBXBuildFile; fileRef = 05E4895A2AE7B1A40001A891 /* SeaCategoryTableViewCell.swift */; };
		05E4895D2AE7B1A40001A891 /* SeaCategoryTableViewCell.xib in Resources */ = {isa = PBXBuildFile; fileRef = 05E4895B2AE7B1A40001A891 /* SeaCategoryTableViewCell.xib */; };
		05E489602AE7B1FF0001A891 /* SeaCategoryCollectionViewCell.swift in Sources */ = {isa = PBXBuildFile; fileRef = 05E4895E2AE7B1FF0001A891 /* SeaCategoryCollectionViewCell.swift */; };
		05E489612AE7B1FF0001A891 /* SeaCategoryCollectionViewCell.xib in Resources */ = {isa = PBXBuildFile; fileRef = 05E4895F2AE7B1FF0001A891 /* SeaCategoryCollectionViewCell.xib */; };
		05E489642AE7B6470001A891 /* UpComingTableViewCell.swift in Sources */ = {isa = PBXBuildFile; fileRef = 05E489622AE7B6470001A891 /* UpComingTableViewCell.swift */; };
		05E489652AE7B6470001A891 /* UpComingTableViewCell.xib in Resources */ = {isa = PBXBuildFile; fileRef = 05E489632AE7B6470001A891 /* UpComingTableViewCell.xib */; };
/* End PBXBuildFile section */

/* Begin PBXFileReference section */
		0534350D2AE7E3500023BB98 /* EmptyViewCollectionViewCell.swift */ = {isa = PBXFileReference; lastKnownFileType = sourcecode.swift; path = EmptyViewCollectionViewCell.swift; sourceTree = "<group>"; };
		0534350E2AE7E3500023BB98 /* EmptyViewCollectionViewCell.xib */ = {isa = PBXFileReference; lastKnownFileType = file.xib; path = EmptyViewCollectionViewCell.xib; sourceTree = "<group>"; };
		053435122AE7E7760023BB98 /* CategoryVO.swift */ = {isa = PBXFileReference; lastKnownFileType = sourcecode.swift; path = CategoryVO.swift; sourceTree = "<group>"; };
		053435152AE7E9600023BB98 /* MainTabBarController.swift */ = {isa = PBXFileReference; lastKnownFileType = sourcecode.swift; path = MainTabBarController.swift; sourceTree = "<group>"; };
		0534351A2AE7E9DD0023BB98 /* WalletViewController.swift */ = {isa = PBXFileReference; lastKnownFileType = sourcecode.swift; path = WalletViewController.swift; sourceTree = "<group>"; };
		0534351B2AE7E9DD0023BB98 /* WalletViewController.xib */ = {isa = PBXFileReference; lastKnownFileType = file.xib; path = WalletViewController.xib; sourceTree = "<group>"; };
		0534351F2AE7E9FA0023BB98 /* MoreViewController.swift */ = {isa = PBXFileReference; lastKnownFileType = sourcecode.swift; path = MoreViewController.swift; sourceTree = "<group>"; };
		053435202AE7E9FA0023BB98 /* MoreViewController.xib */ = {isa = PBXFileReference; lastKnownFileType = file.xib; path = MoreViewController.xib; sourceTree = "<group>"; };
		05CAB6C02AE7B9B60023875A /* UpComingCollectionViewCell.swift */ = {isa = PBXFileReference; lastKnownFileType = sourcecode.swift; path = UpComingCollectionViewCell.swift; sourceTree = "<group>"; };
		05CAB6C12AE7B9B60023875A /* UpComingCollectionViewCell.xib */ = {isa = PBXFileReference; lastKnownFileType = file.xib; path = UpComingCollectionViewCell.xib; sourceTree = "<group>"; };
		05CAB6C52AE7C15D0023875A /* CardView.swift */ = {isa = PBXFileReference; lastKnownFileType = sourcecode.swift; path = CardView.swift; sourceTree = "<group>"; };
		05CAB6C72AE7C47B0023875A /* DetailViewController.swift */ = {isa = PBXFileReference; lastKnownFileType = sourcecode.swift; path = DetailViewController.swift; sourceTree = "<group>"; };
		05CAB6C82AE7C47B0023875A /* DetailViewController.xib */ = {isa = PBXFileReference; lastKnownFileType = file.xib; path = DetailViewController.xib; sourceTree = "<group>"; };
		05CAB6CB2AE7CE910023875A /* DetailSliderCollectionViewCell.swift */ = {isa = PBXFileReference; lastKnownFileType = sourcecode.swift; path = DetailSliderCollectionViewCell.swift; sourceTree = "<group>"; };
		05CAB6CC2AE7CE910023875A /* DetailSliderCollectionViewCell.xib */ = {isa = PBXFileReference; lastKnownFileType = file.xib; path = DetailSliderCollectionViewCell.xib; sourceTree = "<group>"; };
		05CAB6CF2AE7CFEC0023875A /* BaseView.swift */ = {isa = PBXFileReference; lastKnownFileType = sourcecode.swift; path = BaseView.swift; sourceTree = "<group>"; };
		05CAB6D22AE7D01F0023875A /* CustomTitle.xib */ = {isa = PBXFileReference; lastKnownFileType = file.xib; path = CustomTitle.xib; sourceTree = "<group>"; };
		05CAB6D42AE7D0940023875A /* CustomTitle.swift */ = {isa = PBXFileReference; lastKnownFileType = sourcecode.swift; path = CustomTitle.swift; sourceTree = "<group>"; };
		05E489272AE7AF5C0001A891 /* SEA.app */ = {isa = PBXFileReference; explicitFileType = wrapper.application; includeInIndex = 0; path = SEA.app; sourceTree = BUILT_PRODUCTS_DIR; };
		05E4892A2AE7AF5C0001A891 /* AppDelegate.swift */ = {isa = PBXFileReference; lastKnownFileType = sourcecode.swift; path = AppDelegate.swift; sourceTree = "<group>"; };
		05E4892C2AE7AF5C0001A891 /* SceneDelegate.swift */ = {isa = PBXFileReference; lastKnownFileType = sourcecode.swift; path = SceneDelegate.swift; sourceTree = "<group>"; };
		05E4892E2AE7AF5C0001A891 /* ViewController.swift */ = {isa = PBXFileReference; lastKnownFileType = sourcecode.swift; path = ViewController.swift; sourceTree = "<group>"; };
		05E489312AE7AF5C0001A891 /* Base */ = {isa = PBXFileReference; lastKnownFileType = file.storyboard; name = Base; path = Base.lproj/Main.storyboard; sourceTree = "<group>"; };
		05E489332AE7AF5E0001A891 /* Assets.xcassets */ = {isa = PBXFileReference; lastKnownFileType = folder.assetcatalog; path = Assets.xcassets; sourceTree = "<group>"; };
		05E489362AE7AF5E0001A891 /* Base */ = {isa = PBXFileReference; lastKnownFileType = file.storyboard; name = Base; path = Base.lproj/LaunchScreen.storyboard; sourceTree = "<group>"; };
		05E489382AE7AF5E0001A891 /* Info.plist */ = {isa = PBXFileReference; lastKnownFileType = text.plist.xml; path = Info.plist; sourceTree = "<group>"; };
		05E489462AE7B03E0001A891 /* HomeViewController.swift */ = {isa = PBXFileReference; lastKnownFileType = sourcecode.swift; path = HomeViewController.swift; sourceTree = "<group>"; };
		05E489472AE7B03E0001A891 /* HomeViewController.xib */ = {isa = PBXFileReference; lastKnownFileType = file.xib; path = HomeViewController.xib; sourceTree = "<group>"; };
		05E4894B2AE7B0700001A891 /* UICollectionView+Extension.swift */ = {isa = PBXFileReference; fileEncoding = 4; lastKnownFileType = sourcecode.swift; path = "UICollectionView+Extension.swift"; sourceTree = "<group>"; };
		05E4894D2AE7B0760001A891 /* UITableView+Extension.swift */ = {isa = PBXFileReference; fileEncoding = 4; lastKnownFileType = sourcecode.swift; path = "UITableView+Extension.swift"; sourceTree = "<group>"; };
		05E489522AE7B0A80001A891 /* HomeSliderCollectionViewCell.swift */ = {isa = PBXFileReference; fileEncoding = 4; lastKnownFileType = sourcecode.swift; path = HomeSliderCollectionViewCell.swift; sourceTree = "<group>"; };
		05E489532AE7B0A80001A891 /* HomeSliderTableViewCell.swift */ = {isa = PBXFileReference; fileEncoding = 4; lastKnownFileType = sourcecode.swift; path = HomeSliderTableViewCell.swift; sourceTree = "<group>"; };
		05E489562AE7B0B10001A891 /* HomeSliderTableViewCell.xib */ = {isa = PBXFileReference; fileEncoding = 4; lastKnownFileType = file.xib; path = HomeSliderTableViewCell.xib; sourceTree = "<group>"; };
		05E489572AE7B0B10001A891 /* HomeSliderCollectionViewCell.xib */ = {isa = PBXFileReference; fileEncoding = 4; lastKnownFileType = file.xib; path = HomeSliderCollectionViewCell.xib; sourceTree = "<group>"; };
		05E4895A2AE7B1A40001A891 /* SeaCategoryTableViewCell.swift */ = {isa = PBXFileReference; lastKnownFileType = sourcecode.swift; path = SeaCategoryTableViewCell.swift; sourceTree = "<group>"; };
		05E4895B2AE7B1A40001A891 /* SeaCategoryTableViewCell.xib */ = {isa = PBXFileReference; lastKnownFileType = file.xib; path = SeaCategoryTableViewCell.xib; sourceTree = "<group>"; };
		05E4895E2AE7B1FF0001A891 /* SeaCategoryCollectionViewCell.swift */ = {isa = PBXFileReference; lastKnownFileType = sourcecode.swift; path = SeaCategoryCollectionViewCell.swift; sourceTree = "<group>"; };
		05E4895F2AE7B1FF0001A891 /* SeaCategoryCollectionViewCell.xib */ = {isa = PBXFileReference; lastKnownFileType = file.xib; path = SeaCategoryCollectionViewCell.xib; sourceTree = "<group>"; };
		05E489622AE7B6470001A891 /* UpComingTableViewCell.swift */ = {isa = PBXFileReference; lastKnownFileType = sourcecode.swift; path = UpComingTableViewCell.swift; sourceTree = "<group>"; };
		05E489632AE7B6470001A891 /* UpComingTableViewCell.xib */ = {isa = PBXFileReference; lastKnownFileType = file.xib; path = UpComingTableViewCell.xib; sourceTree = "<group>"; };
/* End PBXFileReference section */

/* Begin PBXFrameworksBuildPhase section */
		05E489242AE7AF5C0001A891 /* Frameworks */ = {
			isa = PBXFrameworksBuildPhase;
			buildActionMask = 2147483647;
			files = (
			);
			runOnlyForDeploymentPostprocessing = 0;
		};
/* End PBXFrameworksBuildPhase section */

/* Begin PBXGroup section */
		053435112AE7E7610023BB98 /* VO */ = {
			isa = PBXGroup;
			children = (
				053435122AE7E7760023BB98 /* CategoryVO.swift */,
			);
			path = VO;
			sourceTree = "<group>";
		};
		053435142AE7E94A0023BB98 /* MainTabBar */ = {
			isa = PBXGroup;
			children = (
				053435152AE7E9600023BB98 /* MainTabBarController.swift */,
			);
			path = MainTabBar;
			sourceTree = "<group>";
		};
		053435172AE7E9AA0023BB98 /* Home */ = {
			isa = PBXGroup;
			children = (
				05E4894F2AE7B0890001A891 /* Cell */,
				05E489432AE7B01A0001A891 /* ViewController */,
			);
			path = Home;
			sourceTree = "<group>";
		};
		053435182AE7E9B40023BB98 /* Wallet */ = {
			isa = PBXGroup;
			children = (
				053435192AE7E9BF0023BB98 /* ViewController */,
			);
			path = Wallet;
			sourceTree = "<group>";
		};
		053435192AE7E9BF0023BB98 /* ViewController */ = {
			isa = PBXGroup;
			children = (
				0534351A2AE7E9DD0023BB98 /* WalletViewController.swift */,
				0534351B2AE7E9DD0023BB98 /* WalletViewController.xib */,
			);
			path = ViewController;
			sourceTree = "<group>";
		};
		0534351E2AE7E9E70023BB98 /* More */ = {
			isa = PBXGroup;
			children = (
				053435232AE7E9FD0023BB98 /* ViewController */,
			);
			path = More;
			sourceTree = "<group>";
		};
		053435232AE7E9FD0023BB98 /* ViewController */ = {
			isa = PBXGroup;
			children = (
				0534351F2AE7E9FA0023BB98 /* MoreViewController.swift */,
				053435202AE7E9FA0023BB98 /* MoreViewController.xib */,
			);
			path = ViewController;
			sourceTree = "<group>";
		};
		05CAB6C42AE7C14D0023875A /* Utility */ = {
			isa = PBXGroup;
			children = (
				05CAB6D12AE7D00D0023875A /* CustomTitle */,
				05CAB6C52AE7C15D0023875A /* CardView.swift */,
				05CAB6CF2AE7CFEC0023875A /* BaseView.swift */,
			);
			path = Utility;
			sourceTree = "<group>";
		};
		05CAB6D12AE7D00D0023875A /* CustomTitle */ = {
			isa = PBXGroup;
			children = (
				05CAB6D22AE7D01F0023875A /* CustomTitle.xib */,
				05CAB6D42AE7D0940023875A /* CustomTitle.swift */,
			);
			path = CustomTitle;
			sourceTree = "<group>";
		};
		05E4891E2AE7AF5C0001A891 = {
			isa = PBXGroup;
			children = (
				05E489292AE7AF5C0001A891 /* SEA */,
				05E489282AE7AF5C0001A891 /* Products */,
			);
			sourceTree = "<group>";
		};
		05E489282AE7AF5C0001A891 /* Products */ = {
			isa = PBXGroup;
			children = (
				05E489272AE7AF5C0001A891 /* SEA.app */,
			);
			name = Products;
			sourceTree = "<group>";
		};
		05E489292AE7AF5C0001A891 /* SEA */ = {
			isa = PBXGroup;
			children = (
				053435112AE7E7610023BB98 /* VO */,
				05CAB6C42AE7C14D0023875A /* Utility */,
				05E4894A2AE7B0620001A891 /* Extension */,
				05E489422AE7B0140001A891 /* Module */,
				05E4892A2AE7AF5C0001A891 /* AppDelegate.swift */,
				05E4892C2AE7AF5C0001A891 /* SceneDelegate.swift */,
				05E4892E2AE7AF5C0001A891 /* ViewController.swift */,
				05E489302AE7AF5C0001A891 /* Main.storyboard */,
				05E489332AE7AF5E0001A891 /* Assets.xcassets */,
				05E489352AE7AF5E0001A891 /* LaunchScreen.storyboard */,
				05E489382AE7AF5E0001A891 /* Info.plist */,
			);
			path = SEA;
			sourceTree = "<group>";
		};
		05E489422AE7B0140001A891 /* Module */ = {
			isa = PBXGroup;
			children = (
				0534351E2AE7E9E70023BB98 /* More */,
				053435182AE7E9B40023BB98 /* Wallet */,
				053435172AE7E9AA0023BB98 /* Home */,
				053435142AE7E94A0023BB98 /* MainTabBar */,
			);
			path = Module;
			sourceTree = "<group>";
		};
		05E489432AE7B01A0001A891 /* ViewController */ = {
			isa = PBXGroup;
			children = (
				05E489452AE7B02D0001A891 /* Xib */,
				05E489442AE7B0270001A891 /* Swift */,
			);
			path = ViewController;
			sourceTree = "<group>";
		};
		05E489442AE7B0270001A891 /* Swift */ = {
			isa = PBXGroup;
			children = (
				05CAB6C72AE7C47B0023875A /* DetailViewController.swift */,
				05E489462AE7B03E0001A891 /* HomeViewController.swift */,
			);
			path = Swift;
			sourceTree = "<group>";
		};
		05E489452AE7B02D0001A891 /* Xib */ = {
			isa = PBXGroup;
			children = (
				05E489472AE7B03E0001A891 /* HomeViewController.xib */,
				05CAB6C82AE7C47B0023875A /* DetailViewController.xib */,
			);
			path = Xib;
			sourceTree = "<group>";
		};
		05E4894A2AE7B0620001A891 /* Extension */ = {
			isa = PBXGroup;
			children = (
				05E4894D2AE7B0760001A891 /* UITableView+Extension.swift */,
				05E4894B2AE7B0700001A891 /* UICollectionView+Extension.swift */,
			);
			path = Extension;
			sourceTree = "<group>";
		};
		05E4894F2AE7B0890001A891 /* Cell */ = {
			isa = PBXGroup;
			children = (
				05E489512AE7B0990001A891 /* Xib */,
				05E489502AE7B08E0001A891 /* Swift */,
			);
			path = Cell;
			sourceTree = "<group>";
		};
		05E489502AE7B08E0001A891 /* Swift */ = {
			isa = PBXGroup;
			children = (
				05E489522AE7B0A80001A891 /* HomeSliderCollectionViewCell.swift */,
				05E489532AE7B0A80001A891 /* HomeSliderTableViewCell.swift */,
				05E4895A2AE7B1A40001A891 /* SeaCategoryTableViewCell.swift */,
				05E4895E2AE7B1FF0001A891 /* SeaCategoryCollectionViewCell.swift */,
				05E489622AE7B6470001A891 /* UpComingTableViewCell.swift */,
				05CAB6C02AE7B9B60023875A /* UpComingCollectionViewCell.swift */,
				05CAB6CB2AE7CE910023875A /* DetailSliderCollectionViewCell.swift */,
				0534350D2AE7E3500023BB98 /* EmptyViewCollectionViewCell.swift */,
			);
			path = Swift;
			sourceTree = "<group>";
		};
		05E489512AE7B0990001A891 /* Xib */ = {
			isa = PBXGroup;
			children = (
				05E489572AE7B0B10001A891 /* HomeSliderCollectionViewCell.xib */,
				05E489562AE7B0B10001A891 /* HomeSliderTableViewCell.xib */,
				05E4895B2AE7B1A40001A891 /* SeaCategoryTableViewCell.xib */,
				05E4895F2AE7B1FF0001A891 /* SeaCategoryCollectionViewCell.xib */,
				05E489632AE7B6470001A891 /* UpComingTableViewCell.xib */,
				05CAB6C12AE7B9B60023875A /* UpComingCollectionViewCell.xib */,
				05CAB6CC2AE7CE910023875A /* DetailSliderCollectionViewCell.xib */,
				0534350E2AE7E3500023BB98 /* EmptyViewCollectionViewCell.xib */,
			);
			path = Xib;
			sourceTree = "<group>";
		};
/* End PBXGroup section */

/* Begin PBXNativeTarget section */
		05E489262AE7AF5C0001A891 /* SEA */ = {
			isa = PBXNativeTarget;
			buildConfigurationList = 05E4893B2AE7AF5E0001A891 /* Build configuration list for PBXNativeTarget "SEA" */;
			buildPhases = (
				05E489232AE7AF5C0001A891 /* Sources */,
				05E489242AE7AF5C0001A891 /* Frameworks */,
				05E489252AE7AF5C0001A891 /* Resources */,
			);
			buildRules = (
			);
			dependencies = (
			);
			name = SEA;
			productName = SEA;
			productReference = 05E489272AE7AF5C0001A891 /* SEA.app */;
			productType = "com.apple.product-type.application";
		};
/* End PBXNativeTarget section */

/* Begin PBXProject section */
		05E4891F2AE7AF5C0001A891 /* Project object */ = {
			isa = PBXProject;
			attributes = {
				BuildIndependentTargetsInParallel = 1;
				LastSwiftUpdateCheck = 1430;
				LastUpgradeCheck = 1430;
				TargetAttributes = {
					05E489262AE7AF5C0001A891 = {
						CreatedOnToolsVersion = 14.3.1;
					};
				};
			};
			buildConfigurationList = 05E489222AE7AF5C0001A891 /* Build configuration list for PBXProject "SEA" */;
			compatibilityVersion = "Xcode 14.0";
			developmentRegion = en;
			hasScannedForEncodings = 0;
			knownRegions = (
				en,
				Base,
			);
			mainGroup = 05E4891E2AE7AF5C0001A891;
			productRefGroup = 05E489282AE7AF5C0001A891 /* Products */;
			projectDirPath = "";
			projectRoot = "";
			targets = (
				05E489262AE7AF5C0001A891 /* SEA */,
			);
		};
/* End PBXProject section */

/* Begin PBXResourcesBuildPhase section */
		05E489252AE7AF5C0001A891 /* Resources */ = {
			isa = PBXResourcesBuildPhase;
			buildActionMask = 2147483647;
			files = (
				05E489612AE7B1FF0001A891 /* SeaCategoryCollectionViewCell.xib in Resources */,
				05E4895D2AE7B1A40001A891 /* SeaCategoryTableViewCell.xib in Resources */,
				05E489372AE7AF5E0001A891 /* LaunchScreen.storyboard in Resources */,
				05E489652AE7B6470001A891 /* UpComingTableViewCell.xib in Resources */,
				05CAB6CE2AE7CE910023875A /* DetailSliderCollectionViewCell.xib in Resources */,
				05CAB6CA2AE7C47B0023875A /* DetailViewController.xib in Resources */,
				05CAB6C32AE7B9B60023875A /* UpComingCollectionViewCell.xib in Resources */,
				05E489582AE7B0B10001A891 /* HomeSliderTableViewCell.xib in Resources */,
				05E489592AE7B0B10001A891 /* HomeSliderCollectionViewCell.xib in Resources */,
				053435222AE7E9FA0023BB98 /* MoreViewController.xib in Resources */,
				05E489342AE7AF5E0001A891 /* Assets.xcassets in Resources */,
				05CAB6D32AE7D01F0023875A /* CustomTitle.xib in Resources */,
				0534351D2AE7E9DD0023BB98 /* WalletViewController.xib in Resources */,
				05E489322AE7AF5C0001A891 /* Main.storyboard in Resources */,
				05E489492AE7B03E0001A891 /* HomeViewController.xib in Resources */,
				053435102AE7E3500023BB98 /* EmptyViewCollectionViewCell.xib in Resources */,
			);
			runOnlyForDeploymentPostprocessing = 0;
		};
/* End PBXResourcesBuildPhase section */

/* Begin PBXSourcesBuildPhase section */
		05E489232AE7AF5C0001A891 /* Sources */ = {
			isa = PBXSourcesBuildPhase;
			buildActionMask = 2147483647;
			files = (
				05E4892F2AE7AF5C0001A891 /* ViewController.swift in Sources */,
				05E4894C2AE7B0700001A891 /* UICollectionView+Extension.swift in Sources */,
				0534351C2AE7E9DD0023BB98 /* WalletViewController.swift in Sources */,
				053435162AE7E9600023BB98 /* MainTabBarController.swift in Sources */,
				05E489642AE7B6470001A891 /* UpComingTableViewCell.swift in Sources */,
				05E4892B2AE7AF5C0001A891 /* AppDelegate.swift in Sources */,
				053435132AE7E7760023BB98 /* CategoryVO.swift in Sources */,
				05E489542AE7B0A80001A891 /* HomeSliderCollectionViewCell.swift in Sources */,
				05E4892D2AE7AF5C0001A891 /* SceneDelegate.swift in Sources */,
				05CAB6CD2AE7CE910023875A /* DetailSliderCollectionViewCell.swift in Sources */,
				05E489482AE7B03E0001A891 /* HomeViewController.swift in Sources */,
				05CAB6C62AE7C15D0023875A /* CardView.swift in Sources */,
				0534350F2AE7E3500023BB98 /* EmptyViewCollectionViewCell.swift in Sources */,
				05E489602AE7B1FF0001A891 /* SeaCategoryCollectionViewCell.swift in Sources */,
				05CAB6C22AE7B9B60023875A /* UpComingCollectionViewCell.swift in Sources */,
				053435212AE7E9FA0023BB98 /* MoreViewController.swift in Sources */,
				05E4894E2AE7B0760001A891 /* UITableView+Extension.swift in Sources */,
				05CAB6D52AE7D0940023875A /* CustomTitle.swift in Sources */,
				05E489552AE7B0A80001A891 /* HomeSliderTableViewCell.swift in Sources */,
				05E4895C2AE7B1A40001A891 /* SeaCategoryTableViewCell.swift in Sources */,
				05CAB6C92AE7C47B0023875A /* DetailViewController.swift in Sources */,
				05CAB6D02AE7CFEC0023875A /* BaseView.swift in Sources */,
			);
			runOnlyForDeploymentPostprocessing = 0;
		};
/* End PBXSourcesBuildPhase section */

/* Begin PBXVariantGroup section */
		05E489302AE7AF5C0001A891 /* Main.storyboard */ = {
			isa = PBXVariantGroup;
			children = (
				05E489312AE7AF5C0001A891 /* Base */,
			);
			name = Main.storyboard;
			sourceTree = "<group>";
		};
		05E489352AE7AF5E0001A891 /* LaunchScreen.storyboard */ = {
			isa = PBXVariantGroup;
			children = (
				05E489362AE7AF5E0001A891 /* Base */,
			);
			name = LaunchScreen.storyboard;
			sourceTree = "<group>";
		};
/* End PBXVariantGroup section */

/* Begin XCBuildConfiguration section */
		05E489392AE7AF5E0001A891 /* Debug */ = {
			isa = XCBuildConfiguration;
			buildSettings = {
				ALWAYS_SEARCH_USER_PATHS = NO;
				CLANG_ANALYZER_NONNULL = YES;
				CLANG_ANALYZER_NUMBER_OBJECT_CONVERSION = YES_AGGRESSIVE;
				CLANG_CXX_LANGUAGE_STANDARD = "gnu++20";
				CLANG_ENABLE_MODULES = YES;
				CLANG_ENABLE_OBJC_ARC = YES;
				CLANG_ENABLE_OBJC_WEAK = YES;
				CLANG_WARN_BLOCK_CAPTURE_AUTORELEASING = YES;
				CLANG_WARN_BOOL_CONVERSION = YES;
				CLANG_WARN_COMMA = YES;
				CLANG_WARN_CONSTANT_CONVERSION = YES;
				CLANG_WARN_DEPRECATED_OBJC_IMPLEMENTATIONS = YES;
				CLANG_WARN_DIRECT_OBJC_ISA_USAGE = YES_ERROR;
				CLANG_WARN_DOCUMENTATION_COMMENTS = YES;
				CLANG_WARN_EMPTY_BODY = YES;
				CLANG_WARN_ENUM_CONVERSION = YES;
				CLANG_WARN_INFINITE_RECURSION = YES;
				CLANG_WARN_INT_CONVERSION = YES;
				CLANG_WARN_NON_LITERAL_NULL_CONVERSION = YES;
				CLANG_WARN_OBJC_IMPLICIT_RETAIN_SELF = YES;
				CLANG_WARN_OBJC_LITERAL_CONVERSION = YES;
				CLANG_WARN_OBJC_ROOT_CLASS = YES_ERROR;
				CLANG_WARN_QUOTED_INCLUDE_IN_FRAMEWORK_HEADER = YES;
				CLANG_WARN_RANGE_LOOP_ANALYSIS = YES;
				CLANG_WARN_STRICT_PROTOTYPES = YES;
				CLANG_WARN_SUSPICIOUS_MOVE = YES;
				CLANG_WARN_UNGUARDED_AVAILABILITY = YES_AGGRESSIVE;
				CLANG_WARN_UNREACHABLE_CODE = YES;
				CLANG_WARN__DUPLICATE_METHOD_MATCH = YES;
				COPY_PHASE_STRIP = NO;
				DEBUG_INFORMATION_FORMAT = dwarf;
				ENABLE_STRICT_OBJC_MSGSEND = YES;
				ENABLE_TESTABILITY = YES;
				GCC_C_LANGUAGE_STANDARD = gnu11;
				GCC_DYNAMIC_NO_PIC = NO;
				GCC_NO_COMMON_BLOCKS = YES;
				GCC_OPTIMIZATION_LEVEL = 0;
				GCC_PREPROCESSOR_DEFINITIONS = (
					"DEBUG=1",
					"$(inherited)",
				);
				GCC_WARN_64_TO_32_BIT_CONVERSION = YES;
				GCC_WARN_ABOUT_RETURN_TYPE = YES_ERROR;
				GCC_WARN_UNDECLARED_SELECTOR = YES;
				GCC_WARN_UNINITIALIZED_AUTOS = YES_AGGRESSIVE;
				GCC_WARN_UNUSED_FUNCTION = YES;
				GCC_WARN_UNUSED_VARIABLE = YES;
				IPHONEOS_DEPLOYMENT_TARGET = 16.4;
				MTL_ENABLE_DEBUG_INFO = INCLUDE_SOURCE;
				MTL_FAST_MATH = YES;
				ONLY_ACTIVE_ARCH = YES;
				SDKROOT = iphoneos;
				SWIFT_ACTIVE_COMPILATION_CONDITIONS = DEBUG;
				SWIFT_OPTIMIZATION_LEVEL = "-Onone";
			};
			name = Debug;
		};
		05E4893A2AE7AF5E0001A891 /* Release */ = {
			isa = XCBuildConfiguration;
			buildSettings = {
				ALWAYS_SEARCH_USER_PATHS = NO;
				CLANG_ANALYZER_NONNULL = YES;
				CLANG_ANALYZER_NUMBER_OBJECT_CONVERSION = YES_AGGRESSIVE;
				CLANG_CXX_LANGUAGE_STANDARD = "gnu++20";
				CLANG_ENABLE_MODULES = YES;
				CLANG_ENABLE_OBJC_ARC = YES;
				CLANG_ENABLE_OBJC_WEAK = YES;
				CLANG_WARN_BLOCK_CAPTURE_AUTORELEASING = YES;
				CLANG_WARN_BOOL_CONVERSION = YES;
				CLANG_WARN_COMMA = YES;
				CLANG_WARN_CONSTANT_CONVERSION = YES;
				CLANG_WARN_DEPRECATED_OBJC_IMPLEMENTATIONS = YES;
				CLANG_WARN_DIRECT_OBJC_ISA_USAGE = YES_ERROR;
				CLANG_WARN_DOCUMENTATION_COMMENTS = YES;
				CLANG_WARN_EMPTY_BODY = YES;
				CLANG_WARN_ENUM_CONVERSION = YES;
				CLANG_WARN_INFINITE_RECURSION = YES;
				CLANG_WARN_INT_CONVERSION = YES;
				CLANG_WARN_NON_LITERAL_NULL_CONVERSION = YES;
				CLANG_WARN_OBJC_IMPLICIT_RETAIN_SELF = YES;
				CLANG_WARN_OBJC_LITERAL_CONVERSION = YES;
				CLANG_WARN_OBJC_ROOT_CLASS = YES_ERROR;
				CLANG_WARN_QUOTED_INCLUDE_IN_FRAMEWORK_HEADER = YES;
				CLANG_WARN_RANGE_LOOP_ANALYSIS = YES;
				CLANG_WARN_STRICT_PROTOTYPES = YES;
				CLANG_WARN_SUSPICIOUS_MOVE = YES;
				CLANG_WARN_UNGUARDED_AVAILABILITY = YES_AGGRESSIVE;
				CLANG_WARN_UNREACHABLE_CODE = YES;
				CLANG_WARN__DUPLICATE_METHOD_MATCH = YES;
				COPY_PHASE_STRIP = NO;
				DEBUG_INFORMATION_FORMAT = "dwarf-with-dsym";
				ENABLE_NS_ASSERTIONS = NO;
				ENABLE_STRICT_OBJC_MSGSEND = YES;
				GCC_C_LANGUAGE_STANDARD = gnu11;
				GCC_NO_COMMON_BLOCKS = YES;
				GCC_WARN_64_TO_32_BIT_CONVERSION = YES;
				GCC_WARN_ABOUT_RETURN_TYPE = YES_ERROR;
				GCC_WARN_UNDECLARED_SELECTOR = YES;
				GCC_WARN_UNINITIALIZED_AUTOS = YES_AGGRESSIVE;
				GCC_WARN_UNUSED_FUNCTION = YES;
				GCC_WARN_UNUSED_VARIABLE = YES;
				IPHONEOS_DEPLOYMENT_TARGET = 16.4;
				MTL_ENABLE_DEBUG_INFO = NO;
				MTL_FAST_MATH = YES;
				SDKROOT = iphoneos;
				SWIFT_COMPILATION_MODE = wholemodule;
				SWIFT_OPTIMIZATION_LEVEL = "-O";
				VALIDATE_PRODUCT = YES;
			};
			name = Release;
		};
		05E4893C2AE7AF5E0001A891 /* Debug */ = {
			isa = XCBuildConfiguration;
			buildSettings = {
				ASSETCATALOG_COMPILER_APPICON_NAME = AppIcon;
				ASSETCATALOG_COMPILER_GLOBAL_ACCENT_COLOR_NAME = AccentColor;
				CODE_SIGN_STYLE = Automatic;
				CURRENT_PROJECT_VERSION = 1;
				DEVELOPMENT_TEAM = LKN3QAX3U8;
				GENERATE_INFOPLIST_FILE = YES;
				INFOPLIST_FILE = SEA/Info.plist;
				INFOPLIST_KEY_UIApplicationSupportsIndirectInputEvents = YES;
				INFOPLIST_KEY_UILaunchStoryboardName = LaunchScreen;
				INFOPLIST_KEY_UIMainStoryboardFile = Main;
				INFOPLIST_KEY_UISupportedInterfaceOrientations_iPad = "UIInterfaceOrientationPortrait UIInterfaceOrientationPortraitUpsideDown UIInterfaceOrientationLandscapeLeft UIInterfaceOrientationLandscapeRight";
				INFOPLIST_KEY_UISupportedInterfaceOrientations_iPhone = "UIInterfaceOrientationPortrait UIInterfaceOrientationLandscapeLeft UIInterfaceOrientationLandscapeRight";
				LD_RUNPATH_SEARCH_PATHS = (
					"$(inherited)",
					"@executable_path/Frameworks",
				);
				MARKETING_VERSION = 1.0;
				PRODUCT_BUNDLE_IDENTIFIER = com.solinxtechnology.SEA;
				PRODUCT_NAME = "$(TARGET_NAME)";
				SWIFT_EMIT_LOC_STRINGS = YES;
				SWIFT_VERSION = 5.0;
				TARGETED_DEVICE_FAMILY = "1,2";
			};
			name = Debug;
		};
		05E4893D2AE7AF5E0001A891 /* Release */ = {
			isa = XCBuildConfiguration;
			buildSettings = {
				ASSETCATALOG_COMPILER_APPICON_NAME = AppIcon;
				ASSETCATALOG_COMPILER_GLOBAL_ACCENT_COLOR_NAME = AccentColor;
				CODE_SIGN_STYLE = Automatic;
				CURRENT_PROJECT_VERSION = 1;
				DEVELOPMENT_TEAM = LKN3QAX3U8;
				GENERATE_INFOPLIST_FILE = YES;
				INFOPLIST_FILE = SEA/Info.plist;
				INFOPLIST_KEY_UIApplicationSupportsIndirectInputEvents = YES;
				INFOPLIST_KEY_UILaunchStoryboardName = LaunchScreen;
				INFOPLIST_KEY_UIMainStoryboardFile = Main;
				INFOPLIST_KEY_UISupportedInterfaceOrientations_iPad = "UIInterfaceOrientationPortrait UIInterfaceOrientationPortraitUpsideDown UIInterfaceOrientationLandscapeLeft UIInterfaceOrientationLandscapeRight";
				INFOPLIST_KEY_UISupportedInterfaceOrientations_iPhone = "UIInterfaceOrientationPortrait UIInterfaceOrientationLandscapeLeft UIInterfaceOrientationLandscapeRight";
				LD_RUNPATH_SEARCH_PATHS = (
					"$(inherited)",
					"@executable_path/Frameworks",
				);
				MARKETING_VERSION = 1.0;
				PRODUCT_BUNDLE_IDENTIFIER = com.solinxtechnology.SEA;
				PRODUCT_NAME = "$(TARGET_NAME)";
				SWIFT_EMIT_LOC_STRINGS = YES;
				SWIFT_VERSION = 5.0;
				TARGETED_DEVICE_FAMILY = "1,2";
			};
			name = Release;
		};
/* End XCBuildConfiguration section */

/* Begin XCConfigurationList section */
		05E489222AE7AF5C0001A891 /* Build configuration list for PBXProject "SEA" */ = {
			isa = XCConfigurationList;
			buildConfigurations = (
				05E489392AE7AF5E0001A891 /* Debug */,
				05E4893A2AE7AF5E0001A891 /* Release */,
			);
			defaultConfigurationIsVisible = 0;
			defaultConfigurationName = Release;
		};
		05E4893B2AE7AF5E0001A891 /* Build configuration list for PBXNativeTarget "SEA" */ = {
			isa = XCConfigurationList;
			buildConfigurations = (
				05E4893C2AE7AF5E0001A891 /* Debug */,
				05E4893D2AE7AF5E0001A891 /* Release */,
			);
			defaultConfigurationIsVisible = 0;
			defaultConfigurationName = Release;
		};
/* End XCConfigurationList section */
	};
	rootObject = 05E4891F2AE7AF5C0001A891 /* Project object */;
}
